
Microsoft Visual Studio Solution File, Format Version 12.00
# Visual Studio Version 16
VisualStudioVersion = 16.0.31729.503
MinimumVisualStudioVersion = 10.0.40219.1
Project("{9A19103F-16F7-4668-BE54-9A1E7A4F7556}") = "PragueParkingSingleFile", "PragueParkingSingleFile.csproj", "{CFC40653-72EC-4ACE-8EB7-63EE2EFD7F21}"
EndProject
Global
	GlobalSection(SolutionConfigurationPlatforms) = preSolution
		Debug|Any CPU = Debug|Any CPU
		Release|Any CPU = Release|Any CPU
	EndGlobalSection
	GlobalSection(ProjectConfigurationPlatforms) = postSolution
		{CFC40653-72EC-4ACE-8EB7-63EE2EFD7F21}.Debug|Any CPU.ActiveCfg = Debug|Any CPU
		{CFC40653-72EC-4ACE-8EB7-63EE2EFD7F21}.Debug|Any CPU.Build.0 = Debug|Any CPU
		{CFC40653-72EC-4ACE-8EB7-63EE2EFD7F21}.Release|Any CPU.ActiveCfg = Release|Any CPU
		{CFC40653-72EC-4ACE-8EB7-63EE2EFD7F21}.Release|Any CPU.Build.0 = Release|Any CPU
	EndGlobalSection
	GlobalSection(SolutionProperties) = preSolution
		HideSolutionNode = FALSE
	EndGlobalSection
	GlobalSection(ExtensibilityGlobals) = postSolution
		SolutionGuid = {363A3A77-6C9A-4C2F-A8D9-B3F1EFCC2120}
	EndGlobalSection
EndGlobal
